
Microsoft Visual Studio Solution File, Format Version 12.00
# Visual Studio Version 17
VisualStudioVersion = 17.14.36414.22 d17.14
MinimumVisualStudioVersion = 10.0.40219.1
Project("{FAE04EC0-301F-11D3-BF4B-00C04F79EFBC}") = "RetroBatGFN", "RetroBatGFN\RetroBatGFN.csproj", "{99DB194D-FDC0-44EB-9DF0-FD95676D8785}"
EndProject
Global
	GlobalSection(SolutionConfigurationPlatforms) = preSolution
		Debug|Any CPU = Debug|Any CPU
		Release|Any CPU = Release|Any CPU
	EndGlobalSection
	GlobalSection(ProjectConfigurationPlatforms) = postSolution
		{99DB194D-FDC0-44EB-9DF0-FD95676D8785}.Debug|Any CPU.ActiveCfg = Debug|Any CPU
		{99DB194D-FDC0-44EB-9DF0-FD95676D8785}.Debug|Any CPU.Build.0 = Debug|Any CPU
		{99DB194D-FDC0-44EB-9DF0-FD95676D8785}.Release|Any CPU.ActiveCfg = Release|Any CPU
		{99DB194D-FDC0-44EB-9DF0-FD95676D8785}.Release|Any CPU.Build.0 = Release|Any CPU
	EndGlobalSection
	GlobalSection(SolutionProperties) = preSolution
		HideSolutionNode = FALSE
	EndGlobalSection
	GlobalSection(ExtensibilityGlobals) = postSolution
		SolutionGuid = {2DB25A77-3DB7-4899-976F-883C6D044DF6}
	EndGlobalSection
EndGlobal
